
Microsoft Visual Studio Solution File, Format Version 12.00
# Visual Studio Version 16
VisualStudioVersion = 16.0.29519.181
MinimumVisualStudioVersion = 10.0.40219.1
Project("{9A19103F-16F7-4668-BE54-9A1E7A4F7556}") = "ConsoleApp", "ConsoleApp.csproj", "{7594E759-67A0-4845-BC1E-1C17A51FF557}"
EndProject
Project("{9A19103F-16F7-4668-BE54-9A1E7A4F7556}") = "BusinessLogic", "BusinessLogic\BusinessLogic.csproj", "{7FC1B1B0-2F73-4C23-AA88-05B44D8F124C}"
EndProject
Project("{9A19103F-16F7-4668-BE54-9A1E7A4F7556}") = "DataAccesLayer", "DataAccesLayer\DataAccesLayer.csproj", "{935CB4C7-18BE-497F-9996-8E7256AC3C67}"
EndProject
Global
	GlobalSection(SolutionConfigurationPlatforms) = preSolution
		Debug|Any CPU = Debug|Any CPU
		Release|Any CPU = Release|Any CPU
	EndGlobalSection
	GlobalSection(ProjectConfigurationPlatforms) = postSolution
		{7594E759-67A0-4845-BC1E-1C17A51FF557}.Debug|Any CPU.ActiveCfg = Debug|Any CPU
		{7594E759-67A0-4845-BC1E-1C17A51FF557}.Debug|Any CPU.Build.0 = Debug|Any CPU
		{7594E759-67A0-4845-BC1E-1C17A51FF557}.Release|Any CPU.ActiveCfg = Release|Any CPU
		{7594E759-67A0-4845-BC1E-1C17A51FF557}.Release|Any CPU.Build.0 = Release|Any CPU
		{7FC1B1B0-2F73-4C23-AA88-05B44D8F124C}.Debug|Any CPU.ActiveCfg = Debug|Any CPU
		{7FC1B1B0-2F73-4C23-AA88-05B44D8F124C}.Debug|Any CPU.Build.0 = Debug|Any CPU
		{7FC1B1B0-2F73-4C23-AA88-05B44D8F124C}.Release|Any CPU.ActiveCfg = Release|Any CPU
		{7FC1B1B0-2F73-4C23-AA88-05B44D8F124C}.Release|Any CPU.Build.0 = Release|Any CPU
		{935CB4C7-18BE-497F-9996-8E7256AC3C67}.Debug|Any CPU.ActiveCfg = Debug|Any CPU
		{935CB4C7-18BE-497F-9996-8E7256AC3C67}.Debug|Any CPU.Build.0 = Debug|Any CPU
		{935CB4C7-18BE-497F-9996-8E7256AC3C67}.Release|Any CPU.ActiveCfg = Release|Any CPU
		{935CB4C7-18BE-497F-9996-8E7256AC3C67}.Release|Any CPU.Build.0 = Release|Any CPU
	EndGlobalSection
	GlobalSection(SolutionProperties) = preSolution
		HideSolutionNode = FALSE
	EndGlobalSection
	GlobalSection(ExtensibilityGlobals) = postSolution
		SolutionGuid = {267F01CD-CDBC-48DF-87A6-589BB5E73204}
	EndGlobalSection
EndGlobal
