
Microsoft Visual Studio Solution File, Format Version 12.00
# Visual Studio Version 16
VisualStudioVersion = 16.0.29519.181
MinimumVisualStudioVersion = 10.0.40219.1
Project("{9A19103F-16F7-4668-BE54-9A1E7A4F7556}") = "ComputerStore.BusinessLogicLayer", "ComputerStore.BusinessLogicLayer\ComputerStore.BusinessLogicLayer.csproj", "{46CFC02D-3A01-4231-A6EF-DC8F58549BE0}"
EndProject
Project("{9A19103F-16F7-4668-BE54-9A1E7A4F7556}") = "ComputerStore.DataAccessLayer", "ComputerStore.DataAccessLayer\ComputerStore.DataAccessLayer.csproj", "{9D72748E-9954-4F6D-8827-E4286D950716}"
EndProject
Project("{9A19103F-16F7-4668-BE54-9A1E7A4F7556}") = "ComputerStore.WebUI", "ComputerStore.WebUI\ComputerStore.WebUI.csproj", "{461706A4-7C74-4983-B35B-FA49C83C3CDE}"
EndProject
Project("{9A19103F-16F7-4668-BE54-9A1E7A4F7556}") = "ComputerStore.ConsoleLayer", "ComputerStore.ConsoleLayer\ComputerStore.ConsoleLayer.csproj", "{6BB0E66A-CF48-471C-8EA5-0EB7F349A0F7}"
EndProject
Global
	GlobalSection(SolutionConfigurationPlatforms) = preSolution
		Debug|Any CPU = Debug|Any CPU
		Release|Any CPU = Release|Any CPU
	EndGlobalSection
	GlobalSection(ProjectConfigurationPlatforms) = postSolution
		{46CFC02D-3A01-4231-A6EF-DC8F58549BE0}.Debug|Any CPU.ActiveCfg = Debug|Any CPU
		{46CFC02D-3A01-4231-A6EF-DC8F58549BE0}.Debug|Any CPU.Build.0 = Debug|Any CPU
		{46CFC02D-3A01-4231-A6EF-DC8F58549BE0}.Release|Any CPU.ActiveCfg = Release|Any CPU
		{46CFC02D-3A01-4231-A6EF-DC8F58549BE0}.Release|Any CPU.Build.0 = Release|Any CPU
		{9D72748E-9954-4F6D-8827-E4286D950716}.Debug|Any CPU.ActiveCfg = Debug|Any CPU
		{9D72748E-9954-4F6D-8827-E4286D950716}.Debug|Any CPU.Build.0 = Debug|Any CPU
		{9D72748E-9954-4F6D-8827-E4286D950716}.Release|Any CPU.ActiveCfg = Release|Any CPU
		{9D72748E-9954-4F6D-8827-E4286D950716}.Release|Any CPU.Build.0 = Release|Any CPU
		{461706A4-7C74-4983-B35B-FA49C83C3CDE}.Debug|Any CPU.ActiveCfg = Debug|Any CPU
		{461706A4-7C74-4983-B35B-FA49C83C3CDE}.Debug|Any CPU.Build.0 = Debug|Any CPU
		{461706A4-7C74-4983-B35B-FA49C83C3CDE}.Release|Any CPU.ActiveCfg = Release|Any CPU
		{461706A4-7C74-4983-B35B-FA49C83C3CDE}.Release|Any CPU.Build.0 = Release|Any CPU
		{6BB0E66A-CF48-471C-8EA5-0EB7F349A0F7}.Debug|Any CPU.ActiveCfg = Debug|Any CPU
		{6BB0E66A-CF48-471C-8EA5-0EB7F349A0F7}.Debug|Any CPU.Build.0 = Debug|Any CPU
		{6BB0E66A-CF48-471C-8EA5-0EB7F349A0F7}.Release|Any CPU.ActiveCfg = Release|Any CPU
		{6BB0E66A-CF48-471C-8EA5-0EB7F349A0F7}.Release|Any CPU.Build.0 = Release|Any CPU
	EndGlobalSection
	GlobalSection(SolutionProperties) = preSolution
		HideSolutionNode = FALSE
	EndGlobalSection
	GlobalSection(ExtensibilityGlobals) = postSolution
		SolutionGuid = {267F01CD-CDBC-48DF-87A6-589BB5E73204}
	EndGlobalSection
EndGlobal
